// !$*UTF8*$!
{
	archiveVersion = 1;
	classes = {
	};
	objectVersion = 70;
	objects = {

/* Begin PBXBuildFile section */
		5D526A112C99EDBB00B48982 /* WebViewPresenter.swift in Sources */ = {isa = PBXBuildFile; fileRef = 5D526A102C99EDB300B48982 /* WebViewPresenter.swift */; };
		5D526A132C9A2C2B00B48982 /* AuthHelper.swift in Sources */ = {isa = PBXBuildFile; fileRef = 5D526A122C9A2C2800B48982 /* AuthHelper.swift */; };
		5D526A222C9CACF900B48982 /* ProfilePresenter.swift in Sources */ = {isa = PBXBuildFile; fileRef = 5D526A212C9CACEC00B48982 /* ProfilePresenter.swift */; };
		5D526A242C9D749600B48982 /* ImagesListPresenter.swift in Sources */ = {isa = PBXBuildFile; fileRef = 5D526A232C9D748400B48982 /* ImagesListPresenter.swift */; };
		5D6ECADD2C39C3470051BF50 /* AppDelegate.swift in Sources */ = {isa = PBXBuildFile; fileRef = 5D6ECADC2C39C3470051BF50 /* AppDelegate.swift */; };
		5D6ECADF2C39C3470051BF50 /* SceneDelegate.swift in Sources */ = {isa = PBXBuildFile; fileRef = 5D6ECADE2C39C3470051BF50 /* SceneDelegate.swift */; };
		5D6ECAE12C39C3470051BF50 /* ImagesListViewController.swift in Sources */ = {isa = PBXBuildFile; fileRef = 5D6ECAE02C39C3470051BF50 /* ImagesListViewController.swift */; };
		5D6ECAE42C39C3470051BF50 /* Base in Resources */ = {isa = PBXBuildFile; fileRef = 5D6ECAE32C39C3470051BF50 /* Base */; };
		5D6ECAE62C39C3480051BF50 /* Assets.xcassets in Resources */ = {isa = PBXBuildFile; fileRef = 5D6ECAE52C39C3480051BF50 /* Assets.xcassets */; };
		5D6ECAE92C39C3480051BF50 /* Base in Resources */ = {isa = PBXBuildFile; fileRef = 5D6ECAE82C39C3480051BF50 /* Base */; };
		5D6ECB312C441E680051BF50 /* ImagesListCell.swift in Sources */ = {isa = PBXBuildFile; fileRef = 5D6ECB302C441E670051BF50 /* ImagesListCell.swift */; };
		5D6ECB342C4931700051BF50 /* ProfileViewController.swift in Sources */ = {isa = PBXBuildFile; fileRef = 5D6ECB332C4931700051BF50 /* ProfileViewController.swift */; };
		5D6ECB382C4DA25A0051BF50 /* SingleImageViewController.swift in Sources */ = {isa = PBXBuildFile; fileRef = 5D6ECB372C4DA25A0051BF50 /* SingleImageViewController.swift */; };
		5D76C8952C93380F000D4131 /* ImagesListCellDelegate.swift in Sources */ = {isa = PBXBuildFile; fileRef = 5D76C8942C93380F000D4131 /* ImagesListCellDelegate.swift */; };
		5D76C8972C943C49000D4131 /* ProfileLogoutService.swift in Sources */ = {isa = PBXBuildFile; fileRef = 5D76C8962C943C48000D4131 /* ProfileLogoutService.swift */; };
		5DC56B512C7D3A7500B47B5F /* Kingfisher in Frameworks */ = {isa = PBXBuildFile; productRef = 5DC56B502C7D3A7500B47B5F /* Kingfisher */; };
		5DC56B542C810ABD00B47B5F /* SwiftKeychainWrapper in Frameworks */ = {isa = PBXBuildFile; productRef = 5DC56B532C810ABD00B47B5F /* SwiftKeychainWrapper */; };
		5DC56B572C81B75800B47B5F /* TabBarController.swift in Sources */ = {isa = PBXBuildFile; fileRef = 5DC56B562C81B75800B47B5F /* TabBarController.swift */; };
		5DC56B592C8A4AE600B47B5F /* ImagesListService.swift in Sources */ = {isa = PBXBuildFile; fileRef = 5DC56B582C8A4AE600B47B5F /* ImagesListService.swift */; };
		5DC56B5B2C8A4D7200B47B5F /* Photo.swift in Sources */ = {isa = PBXBuildFile; fileRef = 5DC56B5A2C8A4D7200B47B5F /* Photo.swift */; };
		5DC70A8C2C59709700E48751 /* AuthConfiguration.swift in Sources */ = {isa = PBXBuildFile; fileRef = 5DC70A8B2C59709700E48751 /* AuthConfiguration.swift */; };
		5DC70A8F2C5C1F9700E48751 /* AuthViewController.swift in Sources */ = {isa = PBXBuildFile; fileRef = 5DC70A8E2C5C1F9700E48751 /* AuthViewController.swift */; };
		5DC70A912C5C264F00E48751 /* WebViewViewController.swift in Sources */ = {isa = PBXBuildFile; fileRef = 5DC70A902C5C264F00E48751 /* WebViewViewController.swift */; };
		5DC70A932C5D3C0E00E48751 /* WebViewViewControllerDelegate.swift in Sources */ = {isa = PBXBuildFile; fileRef = 5DC70A922C5D3C0E00E48751 /* WebViewViewControllerDelegate.swift */; };
		5DC70A962C602F7F00E48751 /* OAuth2Service.swift in Sources */ = {isa = PBXBuildFile; fileRef = 5DC70A952C602F7F00E48751 /* OAuth2Service.swift */; };
		5DC70A992C60E98200E48751 /* OAuthTokenResponseBody.swift in Sources */ = {isa = PBXBuildFile; fileRef = 5DC70A982C60E98200E48751 /* OAuthTokenResponseBody.swift */; };
		5DC70A9C2C60EFBF00E48751 /* URLSession+Extensions.swift in Sources */ = {isa = PBXBuildFile; fileRef = 5DC70A9B2C60EFBF00E48751 /* URLSession+Extensions.swift */; };
		5DC70A9E2C60F44100E48751 /* OAuth2TokenStorageService.swift in Sources */ = {isa = PBXBuildFile; fileRef = 5DC70A9D2C60F44100E48751 /* OAuth2TokenStorageService.swift */; };
		5DC70AA12C61537300E48751 /* SplashViewController.swift in Sources */ = {isa = PBXBuildFile; fileRef = 5DC70AA02C61537300E48751 /* SplashViewController.swift */; };
		5DC70AA32C62598600E48751 /* AuthViewControllerDelegate.swift in Sources */ = {isa = PBXBuildFile; fileRef = 5DC70AA22C62598600E48751 /* AuthViewControllerDelegate.swift */; };
		5DE176BF2C694D7B00661740 /* ProgressHUD in Frameworks */ = {isa = PBXBuildFile; productRef = 5DE176BE2C694D7B00661740 /* ProgressHUD */; };
		5DE176C12C6B712D00661740 /* UIBlockingProgressHUD.swift in Sources */ = {isa = PBXBuildFile; fileRef = 5DE176C02C6B712D00661740 /* UIBlockingProgressHUD.swift */; };
		5DE176C32C6E88F100661740 /* ProfileService.swift in Sources */ = {isa = PBXBuildFile; fileRef = 5DE176C22C6E88F100661740 /* ProfileService.swift */; };
		5DE176C52C6E97BA00661740 /* Profile.swift in Sources */ = {isa = PBXBuildFile; fileRef = 5DE176C42C6E97BA00661740 /* Profile.swift */; };
		5DE176C72C752EBB00661740 /* ProfileImageService.swift in Sources */ = {isa = PBXBuildFile; fileRef = 5DE176C62C752EBB00661740 /* ProfileImageService.swift */; };
/* End PBXBuildFile section */

/* Begin PBXContainerItemProxy section */
		5D526A1C2C9B930200B48982 /* PBXContainerItemProxy */ = {
			isa = PBXContainerItemProxy;
			containerPortal = 5D6ECAD12C39C3460051BF50 /* Project object */;
			proxyType = 1;
			remoteGlobalIDString = 5D6ECAD82C39C3470051BF50;
			remoteInfo = ImageFeed;
		};
		5D526A2F2C9E301800B48982 /* PBXContainerItemProxy */ = {
			isa = PBXContainerItemProxy;
			containerPortal = 5D6ECAD12C39C3460051BF50 /* Project object */;
			proxyType = 1;
			remoteGlobalIDString = 5D6ECAD82C39C3470051BF50;
			remoteInfo = ImageFeed;
		};
/* End PBXContainerItemProxy section */

/* Begin PBXFileReference section */
		5D526A102C99EDB300B48982 /* WebViewPresenter.swift */ = {isa = PBXFileReference; lastKnownFileType = sourcecode.swift; path = WebViewPresenter.swift; sourceTree = "<group>"; };
		5D526A122C9A2C2800B48982 /* AuthHelper.swift */ = {isa = PBXFileReference; lastKnownFileType = sourcecode.swift; path = AuthHelper.swift; sourceTree = "<group>"; };
		5D526A182C9B930200B48982 /* ImageFeedTests.xctest */ = {isa = PBXFileReference; explicitFileType = wrapper.cfbundle; includeInIndex = 0; path = ImageFeedTests.xctest; sourceTree = BUILT_PRODUCTS_DIR; };
		5D526A212C9CACEC00B48982 /* ProfilePresenter.swift */ = {isa = PBXFileReference; lastKnownFileType = sourcecode.swift; path = ProfilePresenter.swift; sourceTree = "<group>"; };
		5D526A232C9D748400B48982 /* ImagesListPresenter.swift */ = {isa = PBXFileReference; lastKnownFileType = sourcecode.swift; path = ImagesListPresenter.swift; sourceTree = "<group>"; };
		5D526A292C9E301800B48982 /* ImageFeedUITests.xctest */ = {isa = PBXFileReference; explicitFileType = wrapper.cfbundle; includeInIndex = 0; path = ImageFeedUITests.xctest; sourceTree = BUILT_PRODUCTS_DIR; };
		5D6ECAD92C39C3470051BF50 /* ImageFeed.app */ = {isa = PBXFileReference; explicitFileType = wrapper.application; includeInIndex = 0; path = ImageFeed.app; sourceTree = BUILT_PRODUCTS_DIR; };
		5D6ECADC2C39C3470051BF50 /* AppDelegate.swift */ = {isa = PBXFileReference; lastKnownFileType = sourcecode.swift; path = AppDelegate.swift; sourceTree = "<group>"; };
		5D6ECADE2C39C3470051BF50 /* SceneDelegate.swift */ = {isa = PBXFileReference; lastKnownFileType = sourcecode.swift; path = SceneDelegate.swift; sourceTree = "<group>"; };
		5D6ECAE02C39C3470051BF50 /* ImagesListViewController.swift */ = {isa = PBXFileReference; lastKnownFileType = sourcecode.swift; path = ImagesListViewController.swift; sourceTree = "<group>"; };
		5D6ECAE32C39C3470051BF50 /* Base */ = {isa = PBXFileReference; lastKnownFileType = file.storyboard; name = Base; path = Base.lproj/Main.storyboard; sourceTree = "<group>"; };
		5D6ECAE52C39C3480051BF50 /* Assets.xcassets */ = {isa = PBXFileReference; lastKnownFileType = folder.assetcatalog; path = Assets.xcassets; sourceTree = "<group>"; };
		5D6ECAE82C39C3480051BF50 /* Base */ = {isa = PBXFileReference; lastKnownFileType = file.storyboard; name = Base; path = Base.lproj/LaunchScreen.storyboard; sourceTree = "<group>"; };
		5D6ECAEA2C39C3480051BF50 /* Info.plist */ = {isa = PBXFileReference; lastKnownFileType = text.plist.xml; path = Info.plist; sourceTree = "<group>"; };
		5D6ECB302C441E670051BF50 /* ImagesListCell.swift */ = {isa = PBXFileReference; lastKnownFileType = sourcecode.swift; path = ImagesListCell.swift; sourceTree = "<group>"; };
		5D6ECB332C4931700051BF50 /* ProfileViewController.swift */ = {isa = PBXFileReference; lastKnownFileType = sourcecode.swift; path = ProfileViewController.swift; sourceTree = "<group>"; };
		5D6ECB372C4DA25A0051BF50 /* SingleImageViewController.swift */ = {isa = PBXFileReference; lastKnownFileType = sourcecode.swift; path = SingleImageViewController.swift; sourceTree = "<group>"; };
		5D76C8942C93380F000D4131 /* ImagesListCellDelegate.swift */ = {isa = PBXFileReference; lastKnownFileType = sourcecode.swift; path = ImagesListCellDelegate.swift; sourceTree = "<group>"; };
		5D76C8962C943C48000D4131 /* ProfileLogoutService.swift */ = {isa = PBXFileReference; lastKnownFileType = sourcecode.swift; path = ProfileLogoutService.swift; sourceTree = "<group>"; };
		5DC56B562C81B75800B47B5F /* TabBarController.swift */ = {isa = PBXFileReference; lastKnownFileType = sourcecode.swift; path = TabBarController.swift; sourceTree = "<group>"; };
		5DC56B582C8A4AE600B47B5F /* ImagesListService.swift */ = {isa = PBXFileReference; lastKnownFileType = sourcecode.swift; path = ImagesListService.swift; sourceTree = "<group>"; };
		5DC56B5A2C8A4D7200B47B5F /* Photo.swift */ = {isa = PBXFileReference; lastKnownFileType = sourcecode.swift; path = Photo.swift; sourceTree = "<group>"; };
		5DC70A8B2C59709700E48751 /* AuthConfiguration.swift */ = {isa = PBXFileReference; lastKnownFileType = sourcecode.swift; path = AuthConfiguration.swift; sourceTree = "<group>"; };
		5DC70A8E2C5C1F9700E48751 /* AuthViewController.swift */ = {isa = PBXFileReference; lastKnownFileType = sourcecode.swift; path = AuthViewController.swift; sourceTree = "<group>"; };
		5DC70A902C5C264F00E48751 /* WebViewViewController.swift */ = {isa = PBXFileReference; lastKnownFileType = sourcecode.swift; path = WebViewViewController.swift; sourceTree = "<group>"; };
		5DC70A922C5D3C0E00E48751 /* WebViewViewControllerDelegate.swift */ = {isa = PBXFileReference; lastKnownFileType = sourcecode.swift; path = WebViewViewControllerDelegate.swift; sourceTree = "<group>"; };
		5DC70A952C602F7F00E48751 /* OAuth2Service.swift */ = {isa = PBXFileReference; lastKnownFileType = sourcecode.swift; path = OAuth2Service.swift; sourceTree = "<group>"; };
		5DC70A982C60E98200E48751 /* OAuthTokenResponseBody.swift */ = {isa = PBXFileReference; lastKnownFileType = sourcecode.swift; path = OAuthTokenResponseBody.swift; sourceTree = "<group>"; };
		5DC70A9B2C60EFBF00E48751 /* URLSession+Extensions.swift */ = {isa = PBXFileReference; lastKnownFileType = sourcecode.swift; path = "URLSession+Extensions.swift"; sourceTree = "<group>"; };
		5DC70A9D2C60F44100E48751 /* OAuth2TokenStorageService.swift */ = {isa = PBXFileReference; lastKnownFileType = sourcecode.swift; path = OAuth2TokenStorageService.swift; sourceTree = "<group>"; };
		5DC70AA02C61537300E48751 /* SplashViewController.swift */ = {isa = PBXFileReference; lastKnownFileType = sourcecode.swift; path = SplashViewController.swift; sourceTree = "<group>"; };
		5DC70AA22C62598600E48751 /* AuthViewControllerDelegate.swift */ = {isa = PBXFileReference; lastKnownFileType = sourcecode.swift; path = AuthViewControllerDelegate.swift; sourceTree = "<group>"; };
		5DE176C02C6B712D00661740 /* UIBlockingProgressHUD.swift */ = {isa = PBXFileReference; lastKnownFileType = sourcecode.swift; path = UIBlockingProgressHUD.swift; sourceTree = "<group>"; };
		5DE176C22C6E88F100661740 /* ProfileService.swift */ = {isa = PBXFileReference; lastKnownFileType = sourcecode.swift; path = ProfileService.swift; sourceTree = "<group>"; };
		5DE176C42C6E97BA00661740 /* Profile.swift */ = {isa = PBXFileReference; lastKnownFileType = sourcecode.swift; path = Profile.swift; sourceTree = "<group>"; };
		5DE176C62C752EBB00661740 /* ProfileImageService.swift */ = {isa = PBXFileReference; lastKnownFileType = sourcecode.swift; path = ProfileImageService.swift; sourceTree = "<group>"; };
/* End PBXFileReference section */

/* Begin PBXFileSystemSynchronizedRootGroup section */
		5D526A192C9B930200B48982 /* ImageFeedTests */ = {isa = PBXFileSystemSynchronizedRootGroup; explicitFileTypes = {}; explicitFolders = (); path = ImageFeedTests; sourceTree = "<group>"; };
		5D526A2A2C9E301800B48982 /* ImageFeedUITests */ = {isa = PBXFileSystemSynchronizedRootGroup; explicitFileTypes = {}; explicitFolders = (); path = ImageFeedUITests; sourceTree = "<group>"; };
/* End PBXFileSystemSynchronizedRootGroup section */

/* Begin PBXFrameworksBuildPhase section */
		5D526A152C9B930200B48982 /* Frameworks */ = {
			isa = PBXFrameworksBuildPhase;
			buildActionMask = 2147483647;
			files = (
			);
			runOnlyForDeploymentPostprocessing = 0;
		};
		5D526A262C9E301800B48982 /* Frameworks */ = {
			isa = PBXFrameworksBuildPhase;
			buildActionMask = 2147483647;
			files = (
			);
			runOnlyForDeploymentPostprocessing = 0;
		};
		5D6ECAD62C39C3470051BF50 /* Frameworks */ = {
			isa = PBXFrameworksBuildPhase;
			buildActionMask = 2147483647;
			files = (
				5DC56B512C7D3A7500B47B5F /* Kingfisher in Frameworks */,
				5DE176BF2C694D7B00661740 /* ProgressHUD in Frameworks */,
				5DC56B542C810ABD00B47B5F /* SwiftKeychainWrapper in Frameworks */,
			);
			runOnlyForDeploymentPostprocessing = 0;
		};
/* End PBXFrameworksBuildPhase section */

/* Begin PBXGroup section */
		5D6ECAD02C39C3460051BF50 = {
			isa = PBXGroup;
			children = (
				5D6ECADB2C39C3470051BF50 /* ImageFeed */,
				5D526A192C9B930200B48982 /* ImageFeedTests */,
				5D526A2A2C9E301800B48982 /* ImageFeedUITests */,
				5D6ECADA2C39C3470051BF50 /* Products */,
			);
			sourceTree = "<group>";
		};
		5D6ECADA2C39C3470051BF50 /* Products */ = {
			isa = PBXGroup;
			children = (
				5D6ECAD92C39C3470051BF50 /* ImageFeed.app */,
				5D526A182C9B930200B48982 /* ImageFeedTests.xctest */,
				5D526A292C9E301800B48982 /* ImageFeedUITests.xctest */,
			);
			name = Products;
			sourceTree = "<group>";
		};
		5D6ECADB2C39C3470051BF50 /* ImageFeed */ = {
			isa = PBXGroup;
			children = (
				5D526A122C9A2C2800B48982 /* AuthHelper.swift */,
				5DC56B552C81B73E00B47B5F /* TabBar */,
				5DC70A9F2C61535700E48751 /* Splash */,
				5DC70A9A2C60EF9600E48751 /* Extensions */,
				5DC70A972C60E96400E48751 /* Models */,
				5DC70A942C602F5700E48751 /* Services */,
				5DC70A8D2C5C1F6D00E48751 /* Auth */,
				5D6ECB362C4DA2470051BF50 /* SingleImage */,
				5D6ECB352C496A570051BF50 /* Profile */,
				5D6ECB322C4421D20051BF50 /* ImagesList */,
				5D6ECADC2C39C3470051BF50 /* AppDelegate.swift */,
				5D6ECADE2C39C3470051BF50 /* SceneDelegate.swift */,
				5D6ECAE22C39C3470051BF50 /* Main.storyboard */,
				5D6ECAE52C39C3480051BF50 /* Assets.xcassets */,
				5D6ECAE72C39C3480051BF50 /* LaunchScreen.storyboard */,
				5D6ECAEA2C39C3480051BF50 /* Info.plist */,
				5DC70A8B2C59709700E48751 /* AuthConfiguration.swift */,
				5DE176C02C6B712D00661740 /* UIBlockingProgressHUD.swift */,
			);
			path = ImageFeed;
			sourceTree = "<group>";
		};
		5D6ECB322C4421D20051BF50 /* ImagesList */ = {
			isa = PBXGroup;
			children = (
				5D526A232C9D748400B48982 /* ImagesListPresenter.swift */,
				5D6ECB302C441E670051BF50 /* ImagesListCell.swift */,
				5D6ECAE02C39C3470051BF50 /* ImagesListViewController.swift */,
				5D76C8942C93380F000D4131 /* ImagesListCellDelegate.swift */,
			);
			path = ImagesList;
			sourceTree = "<group>";
		};
		5D6ECB352C496A570051BF50 /* Profile */ = {
			isa = PBXGroup;
			children = (
				5D526A212C9CACEC00B48982 /* ProfilePresenter.swift */,
				5D6ECB332C4931700051BF50 /* ProfileViewController.swift */,
			);
			path = Profile;
			sourceTree = "<group>";
		};
		5D6ECB362C4DA2470051BF50 /* SingleImage */ = {
			isa = PBXGroup;
			children = (
				5D6ECB372C4DA25A0051BF50 /* SingleImageViewController.swift */,
			);
			path = SingleImage;
			sourceTree = "<group>";
		};
		5DC56B552C81B73E00B47B5F /* TabBar */ = {
			isa = PBXGroup;
			children = (
				5DC56B562C81B75800B47B5F /* TabBarController.swift */,
			);
			path = TabBar;
			sourceTree = "<group>";
		};
		5DC70A8D2C5C1F6D00E48751 /* Auth */ = {
			isa = PBXGroup;
			children = (
				5D526A102C99EDB300B48982 /* WebViewPresenter.swift */,
				5DC70A8E2C5C1F9700E48751 /* AuthViewController.swift */,
				5DC70A902C5C264F00E48751 /* WebViewViewController.swift */,
				5DC70A922C5D3C0E00E48751 /* WebViewViewControllerDelegate.swift */,
				5DC70AA22C62598600E48751 /* AuthViewControllerDelegate.swift */,
			);
			path = Auth;
			sourceTree = "<group>";
		};
		5DC70A942C602F5700E48751 /* Services */ = {
			isa = PBXGroup;
			children = (
				5DC70A952C602F7F00E48751 /* OAuth2Service.swift */,
				5DC70A9D2C60F44100E48751 /* OAuth2TokenStorageService.swift */,
				5DE176C22C6E88F100661740 /* ProfileService.swift */,
				5DE176C62C752EBB00661740 /* ProfileImageService.swift */,
				5DC56B582C8A4AE600B47B5F /* ImagesListService.swift */,
				5D76C8962C943C48000D4131 /* ProfileLogoutService.swift */,
			);
			path = Services;
			sourceTree = "<group>";
		};
		5DC70A972C60E96400E48751 /* Models */ = {
			isa = PBXGroup;
			children = (
				5DC70A982C60E98200E48751 /* OAuthTokenResponseBody.swift */,
				5DE176C42C6E97BA00661740 /* Profile.swift */,
				5DC56B5A2C8A4D7200B47B5F /* Photo.swift */,
			);
			path = Models;
			sourceTree = "<group>";
		};
		5DC70A9A2C60EF9600E48751 /* Extensions */ = {
			isa = PBXGroup;
			children = (
				5DC70A9B2C60EFBF00E48751 /* URLSession+Extensions.swift */,
			);
			path = Extensions;
			sourceTree = "<group>";
		};
		5DC70A9F2C61535700E48751 /* Splash */ = {
			isa = PBXGroup;
			children = (
				5DC70AA02C61537300E48751 /* SplashViewController.swift */,
			);
			path = Splash;
			sourceTree = "<group>";
		};
/* End PBXGroup section */

/* Begin PBXNativeTarget section */
		5D526A172C9B930200B48982 /* ImageFeedTests */ = {
			isa = PBXNativeTarget;
			buildConfigurationList = 5D526A1E2C9B930200B48982 /* Build configuration list for PBXNativeTarget "ImageFeedTests" */;
			buildPhases = (
				5D526A142C9B930200B48982 /* Sources */,
				5D526A152C9B930200B48982 /* Frameworks */,
				5D526A162C9B930200B48982 /* Resources */,
			);
			buildRules = (
			);
			dependencies = (
				5D526A1D2C9B930200B48982 /* PBXTargetDependency */,
			);
			fileSystemSynchronizedGroups = (
				5D526A192C9B930200B48982 /* ImageFeedTests */,
			);
			name = ImageFeedTests;
			packageProductDependencies = (
			);
			productName = ImageFeedTests;
			productReference = 5D526A182C9B930200B48982 /* ImageFeedTests.xctest */;
			productType = "com.apple.product-type.bundle.unit-test";
		};
		5D526A282C9E301800B48982 /* ImageFeedUITests */ = {
			isa = PBXNativeTarget;
			buildConfigurationList = 5D526A312C9E301800B48982 /* Build configuration list for PBXNativeTarget "ImageFeedUITests" */;
			buildPhases = (
				5D526A252C9E301800B48982 /* Sources */,
				5D526A262C9E301800B48982 /* Frameworks */,
				5D526A272C9E301800B48982 /* Resources */,
			);
			buildRules = (
			);
			dependencies = (
				5D526A302C9E301800B48982 /* PBXTargetDependency */,
			);
			fileSystemSynchronizedGroups = (
				5D526A2A2C9E301800B48982 /* ImageFeedUITests */,
			);
			name = ImageFeedUITests;
			packageProductDependencies = (
			);
			productName = ImageFeedUITests;
			productReference = 5D526A292C9E301800B48982 /* ImageFeedUITests.xctest */;
			productType = "com.apple.product-type.bundle.ui-testing";
		};
		5D6ECAD82C39C3470051BF50 /* ImageFeed */ = {
			isa = PBXNativeTarget;
			buildConfigurationList = 5D6ECAED2C39C3480051BF50 /* Build configuration list for PBXNativeTarget "ImageFeed" */;
			buildPhases = (
				5D6ECAD52C39C3470051BF50 /* Sources */,
				5D6ECAD62C39C3470051BF50 /* Frameworks */,
				5D6ECAD72C39C3470051BF50 /* Resources */,
			);
			buildRules = (
			);
			dependencies = (
			);
			name = ImageFeed;
			packageProductDependencies = (
				5DE176BE2C694D7B00661740 /* ProgressHUD */,
				5DC56B502C7D3A7500B47B5F /* Kingfisher */,
				5DC56B532C810ABD00B47B5F /* SwiftKeychainWrapper */,
			);
			productName = ImageFeed;
			productReference = 5D6ECAD92C39C3470051BF50 /* ImageFeed.app */;
			productType = "com.apple.product-type.application";
		};
/* End PBXNativeTarget section */

/* Begin PBXProject section */
		5D6ECAD12C39C3460051BF50 /* Project object */ = {
			isa = PBXProject;
			attributes = {
				BuildIndependentTargetsInParallel = 1;
				LastSwiftUpdateCheck = 1600;
				LastUpgradeCheck = 1540;
				TargetAttributes = {
					5D526A172C9B930200B48982 = {
						CreatedOnToolsVersion = 16.0;
						TestTargetID = 5D6ECAD82C39C3470051BF50;
					};
					5D526A282C9E301800B48982 = {
						CreatedOnToolsVersion = 16.0;
						TestTargetID = 5D6ECAD82C39C3470051BF50;
					};
					5D6ECAD82C39C3470051BF50 = {
						CreatedOnToolsVersion = 15.4;
					};
				};
			};
			buildConfigurationList = 5D6ECAD42C39C3460051BF50 /* Build configuration list for PBXProject "ImageFeed" */;
			compatibilityVersion = "Xcode 14.0";
			developmentRegion = en;
			hasScannedForEncodings = 0;
			knownRegions = (
				en,
				Base,
			);
			mainGroup = 5D6ECAD02C39C3460051BF50;
			packageReferences = (
				5DE176BD2C694D7B00661740 /* XCRemoteSwiftPackageReference "ProgressHUD" */,
				5DC56B4F2C7D3A7500B47B5F /* XCRemoteSwiftPackageReference "Kingfisher" */,
				5DC56B522C810ABD00B47B5F /* XCRemoteSwiftPackageReference "SwiftKeychainWrapper" */,
			);
			productRefGroup = 5D6ECADA2C39C3470051BF50 /* Products */;
			projectDirPath = "";
			projectRoot = "";
			targets = (
				5D6ECAD82C39C3470051BF50 /* ImageFeed */,
				5D526A172C9B930200B48982 /* ImageFeedTests */,
				5D526A282C9E301800B48982 /* ImageFeedUITests */,
			);
		};
/* End PBXProject section */

/* Begin PBXResourcesBuildPhase section */
		5D526A162C9B930200B48982 /* Resources */ = {
			isa = PBXResourcesBuildPhase;
			buildActionMask = 2147483647;
			files = (
			);
			runOnlyForDeploymentPostprocessing = 0;
		};
		5D526A272C9E301800B48982 /* Resources */ = {
			isa = PBXResourcesBuildPhase;
			buildActionMask = 2147483647;
			files = (
			);
			runOnlyForDeploymentPostprocessing = 0;
		};
		5D6ECAD72C39C3470051BF50 /* Resources */ = {
			isa = PBXResourcesBuildPhase;
			buildActionMask = 2147483647;
			files = (
				5D6ECAE62C39C3480051BF50 /* Assets.xcassets in Resources */,
				5D6ECAE92C39C3480051BF50 /* Base in Resources */,
				5D6ECAE42C39C3470051BF50 /* Base in Resources */,
			);
			runOnlyForDeploymentPostprocessing = 0;
		};
/* End PBXResourcesBuildPhase section */

/* Begin PBXSourcesBuildPhase section */
		5D526A142C9B930200B48982 /* Sources */ = {
			isa = PBXSourcesBuildPhase;
			buildActionMask = 2147483647;
			files = (
			);
			runOnlyForDeploymentPostprocessing = 0;
		};
		5D526A252C9E301800B48982 /* Sources */ = {
			isa = PBXSourcesBuildPhase;
			buildActionMask = 2147483647;
			files = (
			);
			runOnlyForDeploymentPostprocessing = 0;
		};
		5D6ECAD52C39C3470051BF50 /* Sources */ = {
			isa = PBXSourcesBuildPhase;
			buildActionMask = 2147483647;
			files = (
				5D526A112C99EDBB00B48982 /* WebViewPresenter.swift in Sources */,
				5DC70A9E2C60F44100E48751 /* OAuth2TokenStorageService.swift in Sources */,
				5D6ECAE12C39C3470051BF50 /* ImagesListViewController.swift in Sources */,
				5DC70A932C5D3C0E00E48751 /* WebViewViewControllerDelegate.swift in Sources */,
				5D6ECB312C441E680051BF50 /* ImagesListCell.swift in Sources */,
				5D6ECB342C4931700051BF50 /* ProfileViewController.swift in Sources */,
				5DC70A992C60E98200E48751 /* OAuthTokenResponseBody.swift in Sources */,
				5DC70A962C602F7F00E48751 /* OAuth2Service.swift in Sources */,
				5D526A132C9A2C2B00B48982 /* AuthHelper.swift in Sources */,
				5DC56B592C8A4AE600B47B5F /* ImagesListService.swift in Sources */,
				5D526A222C9CACF900B48982 /* ProfilePresenter.swift in Sources */,
				5D76C8972C943C49000D4131 /* ProfileLogoutService.swift in Sources */,
				5DC70A9C2C60EFBF00E48751 /* URLSession+Extensions.swift in Sources */,
				5D6ECADD2C39C3470051BF50 /* AppDelegate.swift in Sources */,
				5DC70AA12C61537300E48751 /* SplashViewController.swift in Sources */,
				5DC70A8F2C5C1F9700E48751 /* AuthViewController.swift in Sources */,
				5DE176C32C6E88F100661740 /* ProfileService.swift in Sources */,
				5DC70A8C2C59709700E48751 /* AuthConfiguration.swift in Sources */,
				5D6ECB382C4DA25A0051BF50 /* SingleImageViewController.swift in Sources */,
				5D526A242C9D749600B48982 /* ImagesListPresenter.swift in Sources */,
				5DC70A912C5C264F00E48751 /* WebViewViewController.swift in Sources */,
				5DC56B5B2C8A4D7200B47B5F /* Photo.swift in Sources */,
				5DC70AA32C62598600E48751 /* AuthViewControllerDelegate.swift in Sources */,
				5DE176C52C6E97BA00661740 /* Profile.swift in Sources */,
				5DE176C72C752EBB00661740 /* ProfileImageService.swift in Sources */,
				5D76C8952C93380F000D4131 /* ImagesListCellDelegate.swift in Sources */,
				5DC56B572C81B75800B47B5F /* TabBarController.swift in Sources */,
				5D6ECADF2C39C3470051BF50 /* SceneDelegate.swift in Sources */,
				5DE176C12C6B712D00661740 /* UIBlockingProgressHUD.swift in Sources */,
			);
			runOnlyForDeploymentPostprocessing = 0;
		};
/* End PBXSourcesBuildPhase section */

/* Begin PBXTargetDependency section */
		5D526A1D2C9B930200B48982 /* PBXTargetDependency */ = {
			isa = PBXTargetDependency;
			target = 5D6ECAD82C39C3470051BF50 /* ImageFeed */;
			targetProxy = 5D526A1C2C9B930200B48982 /* PBXContainerItemProxy */;
		};
		5D526A302C9E301800B48982 /* PBXTargetDependency */ = {
			isa = PBXTargetDependency;
			target = 5D6ECAD82C39C3470051BF50 /* ImageFeed */;
			targetProxy = 5D526A2F2C9E301800B48982 /* PBXContainerItemProxy */;
		};
/* End PBXTargetDependency section */

/* Begin PBXVariantGroup section */
		5D6ECAE22C39C3470051BF50 /* Main.storyboard */ = {
			isa = PBXVariantGroup;
			children = (
				5D6ECAE32C39C3470051BF50 /* Base */,
			);
			name = Main.storyboard;
			sourceTree = "<group>";
		};
		5D6ECAE72C39C3480051BF50 /* LaunchScreen.storyboard */ = {
			isa = PBXVariantGroup;
			children = (
				5D6ECAE82C39C3480051BF50 /* Base */,
			);
			name = LaunchScreen.storyboard;
			sourceTree = "<group>";
		};
/* End PBXVariantGroup section */

/* Begin XCBuildConfiguration section */
		5D526A1F2C9B930200B48982 /* Debug */ = {
			isa = XCBuildConfiguration;
			buildSettings = {
				BUNDLE_LOADER = "$(TEST_HOST)";
				CODE_SIGN_STYLE = Automatic;
				CURRENT_PROJECT_VERSION = 1;
				DEVELOPMENT_TEAM = 8GYKAY6NS6;
				GENERATE_INFOPLIST_FILE = YES;
				IPHONEOS_DEPLOYMENT_TARGET = 13.0;
				MARKETING_VERSION = 1.0;
				PRODUCT_BUNDLE_IDENTIFIER = arykunova.ImageFeedTests;
				PRODUCT_NAME = "$(TARGET_NAME)";
				SWIFT_EMIT_LOC_STRINGS = NO;
				SWIFT_VERSION = 5.0;
				TARGETED_DEVICE_FAMILY = "1,2";
				TEST_HOST = "$(BUILT_PRODUCTS_DIR)/ImageFeed.app/$(BUNDLE_EXECUTABLE_FOLDER_PATH)/ImageFeed";
			};
			name = Debug;
		};
		5D526A202C9B930200B48982 /* Release */ = {
			isa = XCBuildConfiguration;
			buildSettings = {
				BUNDLE_LOADER = "$(TEST_HOST)";
				CODE_SIGN_STYLE = Automatic;
				CURRENT_PROJECT_VERSION = 1;
				DEVELOPMENT_TEAM = 8GYKAY6NS6;
				GENERATE_INFOPLIST_FILE = YES;
				IPHONEOS_DEPLOYMENT_TARGET = 13.0;
				MARKETING_VERSION = 1.0;
				PRODUCT_BUNDLE_IDENTIFIER = arykunova.ImageFeedTests;
				PRODUCT_NAME = "$(TARGET_NAME)";
				SWIFT_EMIT_LOC_STRINGS = NO;
				SWIFT_VERSION = 5.0;
				TARGETED_DEVICE_FAMILY = "1,2";
				TEST_HOST = "$(BUILT_PRODUCTS_DIR)/ImageFeed.app/$(BUNDLE_EXECUTABLE_FOLDER_PATH)/ImageFeed";
			};
			name = Release;
		};
		5D526A322C9E301800B48982 /* Debug */ = {
			isa = XCBuildConfiguration;
			buildSettings = {
				CODE_SIGN_STYLE = Automatic;
				CURRENT_PROJECT_VERSION = 1;
				DEVELOPMENT_TEAM = 8GYKAY6NS6;
				GENERATE_INFOPLIST_FILE = YES;
				IPHONEOS_DEPLOYMENT_TARGET = 13.0;
				MARKETING_VERSION = 1.0;
				PRODUCT_BUNDLE_IDENTIFIER = arykunova.ImageFeedUITests;
				PRODUCT_NAME = "$(TARGET_NAME)";
				SWIFT_EMIT_LOC_STRINGS = NO;
				SWIFT_VERSION = 5.0;
				TARGETED_DEVICE_FAMILY = "1,2";
				TEST_TARGET_NAME = ImageFeed;
			};
			name = Debug;
		};
		5D526A332C9E301800B48982 /* Release */ = {
			isa = XCBuildConfiguration;
			buildSettings = {
				CODE_SIGN_STYLE = Automatic;
				CURRENT_PROJECT_VERSION = 1;
				DEVELOPMENT_TEAM = 8GYKAY6NS6;
				GENERATE_INFOPLIST_FILE = YES;
				IPHONEOS_DEPLOYMENT_TARGET = 13.0;
				MARKETING_VERSION = 1.0;
				PRODUCT_BUNDLE_IDENTIFIER = arykunova.ImageFeedUITests;
				PRODUCT_NAME = "$(TARGET_NAME)";
				SWIFT_EMIT_LOC_STRINGS = NO;
				SWIFT_VERSION = 5.0;
				TARGETED_DEVICE_FAMILY = "1,2";
				TEST_TARGET_NAME = ImageFeed;
			};
			name = Release;
		};
		5D6ECAEB2C39C3480051BF50 /* Debug */ = {
			isa = XCBuildConfiguration;
			buildSettings = {
				ALWAYS_SEARCH_USER_PATHS = NO;
				ASSETCATALOG_COMPILER_GENERATE_SWIFT_ASSET_SYMBOL_EXTENSIONS = YES;
				CLANG_ANALYZER_NONNULL = YES;
				CLANG_ANALYZER_NUMBER_OBJECT_CONVERSION = YES_AGGRESSIVE;
				CLANG_CXX_LANGUAGE_STANDARD = "gnu++20";
				CLANG_ENABLE_MODULES = YES;
				CLANG_ENABLE_OBJC_ARC = YES;
				CLANG_ENABLE_OBJC_WEAK = YES;
				CLANG_WARN_BLOCK_CAPTURE_AUTORELEASING = YES;
				CLANG_WARN_BOOL_CONVERSION = YES;
				CLANG_WARN_COMMA = YES;
				CLANG_WARN_CONSTANT_CONVERSION = YES;
				CLANG_WARN_DEPRECATED_OBJC_IMPLEMENTATIONS = YES;
				CLANG_WARN_DIRECT_OBJC_ISA_USAGE = YES_ERROR;
				CLANG_WARN_DOCUMENTATION_COMMENTS = YES;
				CLANG_WARN_EMPTY_BODY = YES;
				CLANG_WARN_ENUM_CONVERSION = YES;
				CLANG_WARN_INFINITE_RECURSION = YES;
				CLANG_WARN_INT_CONVERSION = YES;
				CLANG_WARN_NON_LITERAL_NULL_CONVERSION = YES;
				CLANG_WARN_OBJC_IMPLICIT_RETAIN_SELF = YES;
				CLANG_WARN_OBJC_LITERAL_CONVERSION = YES;
				CLANG_WARN_OBJC_ROOT_CLASS = YES_ERROR;
				CLANG_WARN_QUOTED_INCLUDE_IN_FRAMEWORK_HEADER = YES;
				CLANG_WARN_RANGE_LOOP_ANALYSIS = YES;
				CLANG_WARN_STRICT_PROTOTYPES = YES;
				CLANG_WARN_SUSPICIOUS_MOVE = YES;
				CLANG_WARN_UNGUARDED_AVAILABILITY = YES_AGGRESSIVE;
				CLANG_WARN_UNREACHABLE_CODE = YES;
				CLANG_WARN__DUPLICATE_METHOD_MATCH = YES;
				COPY_PHASE_STRIP = NO;
				DEBUG_INFORMATION_FORMAT = dwarf;
				ENABLE_STRICT_OBJC_MSGSEND = YES;
				ENABLE_TESTABILITY = YES;
				ENABLE_USER_SCRIPT_SANDBOXING = YES;
				GCC_C_LANGUAGE_STANDARD = gnu17;
				GCC_DYNAMIC_NO_PIC = NO;
				GCC_NO_COMMON_BLOCKS = YES;
				GCC_OPTIMIZATION_LEVEL = 0;
				GCC_PREPROCESSOR_DEFINITIONS = (
					"DEBUG=1",
					"$(inherited)",
				);
				GCC_WARN_64_TO_32_BIT_CONVERSION = YES;
				GCC_WARN_ABOUT_RETURN_TYPE = YES_ERROR;
				GCC_WARN_UNDECLARED_SELECTOR = YES;
				GCC_WARN_UNINITIALIZED_AUTOS = YES_AGGRESSIVE;
				GCC_WARN_UNUSED_FUNCTION = YES;
				GCC_WARN_UNUSED_VARIABLE = YES;
				IPHONEOS_DEPLOYMENT_TARGET = 17.5;
				LOCALIZATION_PREFERS_STRING_CATALOGS = YES;
				MTL_ENABLE_DEBUG_INFO = INCLUDE_SOURCE;
				MTL_FAST_MATH = YES;
				ONLY_ACTIVE_ARCH = YES;
				SDKROOT = iphoneos;
				SWIFT_ACTIVE_COMPILATION_CONDITIONS = "DEBUG $(inherited)";
				SWIFT_OPTIMIZATION_LEVEL = "-Onone";
			};
			name = Debug;
		};
		5D6ECAEC2C39C3480051BF50 /* Release */ = {
			isa = XCBuildConfiguration;
			buildSettings = {
				ALWAYS_SEARCH_USER_PATHS = NO;
				ASSETCATALOG_COMPILER_GENERATE_SWIFT_ASSET_SYMBOL_EXTENSIONS = YES;
				CLANG_ANALYZER_NONNULL = YES;
				CLANG_ANALYZER_NUMBER_OBJECT_CONVERSION = YES_AGGRESSIVE;
				CLANG_CXX_LANGUAGE_STANDARD = "gnu++20";
				CLANG_ENABLE_MODULES = YES;
				CLANG_ENABLE_OBJC_ARC = YES;
				CLANG_ENABLE_OBJC_WEAK = YES;
				CLANG_WARN_BLOCK_CAPTURE_AUTORELEASING = YES;
				CLANG_WARN_BOOL_CONVERSION = YES;
				CLANG_WARN_COMMA = YES;
				CLANG_WARN_CONSTANT_CONVERSION = YES;
				CLANG_WARN_DEPRECATED_OBJC_IMPLEMENTATIONS = YES;
				CLANG_WARN_DIRECT_OBJC_ISA_USAGE = YES_ERROR;
				CLANG_WARN_DOCUMENTATION_COMMENTS = YES;
				CLANG_WARN_EMPTY_BODY = YES;
				CLANG_WARN_ENUM_CONVERSION = YES;
				CLANG_WARN_INFINITE_RECURSION = YES;
				CLANG_WARN_INT_CONVERSION = YES;
				CLANG_WARN_NON_LITERAL_NULL_CONVERSION = YES;
				CLANG_WARN_OBJC_IMPLICIT_RETAIN_SELF = YES;
				CLANG_WARN_OBJC_LITERAL_CONVERSION = YES;
				CLANG_WARN_OBJC_ROOT_CLASS = YES_ERROR;
				CLANG_WARN_QUOTED_INCLUDE_IN_FRAMEWORK_HEADER = YES;
				CLANG_WARN_RANGE_LOOP_ANALYSIS = YES;
				CLANG_WARN_STRICT_PROTOTYPES = YES;
				CLANG_WARN_SUSPICIOUS_MOVE = YES;
				CLANG_WARN_UNGUARDED_AVAILABILITY = YES_AGGRESSIVE;
				CLANG_WARN_UNREACHABLE_CODE = YES;
				CLANG_WARN__DUPLICATE_METHOD_MATCH = YES;
				COPY_PHASE_STRIP = NO;
				DEBUG_INFORMATION_FORMAT = "dwarf-with-dsym";
				ENABLE_NS_ASSERTIONS = NO;
				ENABLE_STRICT_OBJC_MSGSEND = YES;
				ENABLE_USER_SCRIPT_SANDBOXING = YES;
				GCC_C_LANGUAGE_STANDARD = gnu17;
				GCC_NO_COMMON_BLOCKS = YES;
				GCC_WARN_64_TO_32_BIT_CONVERSION = YES;
				GCC_WARN_ABOUT_RETURN_TYPE = YES_ERROR;
				GCC_WARN_UNDECLARED_SELECTOR = YES;
				GCC_WARN_UNINITIALIZED_AUTOS = YES_AGGRESSIVE;
				GCC_WARN_UNUSED_FUNCTION = YES;
				GCC_WARN_UNUSED_VARIABLE = YES;
				IPHONEOS_DEPLOYMENT_TARGET = 17.5;
				LOCALIZATION_PREFERS_STRING_CATALOGS = YES;
				MTL_ENABLE_DEBUG_INFO = NO;
				MTL_FAST_MATH = YES;
				SDKROOT = iphoneos;
				SWIFT_COMPILATION_MODE = wholemodule;
				VALIDATE_PRODUCT = YES;
			};
			name = Release;
		};
		5D6ECAEE2C39C3480051BF50 /* Debug */ = {
			isa = XCBuildConfiguration;
			buildSettings = {
				ASSETCATALOG_COMPILER_APPICON_NAME = AppIcon;
				ASSETCATALOG_COMPILER_GLOBAL_ACCENT_COLOR_NAME = AccentColor;
				CODE_SIGN_STYLE = Automatic;
				CURRENT_PROJECT_VERSION = 1;
				DEVELOPMENT_TEAM = 8GYKAY6NS6;
				GENERATE_INFOPLIST_FILE = YES;
				INFOPLIST_FILE = ImageFeed/Info.plist;
				INFOPLIST_KEY_UIApplicationSupportsIndirectInputEvents = YES;
				INFOPLIST_KEY_UILaunchStoryboardName = LaunchScreen;
				INFOPLIST_KEY_UIMainStoryboardFile = Main;
				INFOPLIST_KEY_UISupportedInterfaceOrientations = UIInterfaceOrientationPortrait;
				INFOPLIST_KEY_UISupportedInterfaceOrientations_iPad = "UIInterfaceOrientationLandscapeLeft UIInterfaceOrientationLandscapeRight UIInterfaceOrientationPortrait UIInterfaceOrientationPortraitUpsideDown";
				IPHONEOS_DEPLOYMENT_TARGET = 13.0;
				LD_RUNPATH_SEARCH_PATHS = (
					"$(inherited)",
					"@executable_path/Frameworks",
				);
				MARKETING_VERSION = 1.0;
				PRODUCT_BUNDLE_IDENTIFIER = arykunova.ImageFeed;
				PRODUCT_NAME = "$(TARGET_NAME)";
				SUPPORTED_PLATFORMS = "iphoneos iphonesimulator";
				SUPPORTS_MACCATALYST = NO;
				SWIFT_EMIT_LOC_STRINGS = YES;
				SWIFT_VERSION = 5.0;
				TARGETED_DEVICE_FAMILY = 1;
			};
			name = Debug;
		};
		5D6ECAEF2C39C3480051BF50 /* Release */ = {
			isa = XCBuildConfiguration;
			buildSettings = {
				ASSETCATALOG_COMPILER_APPICON_NAME = AppIcon;
				ASSETCATALOG_COMPILER_GLOBAL_ACCENT_COLOR_NAME = AccentColor;
				CODE_SIGN_STYLE = Automatic;
				CURRENT_PROJECT_VERSION = 1;
				DEVELOPMENT_TEAM = 8GYKAY6NS6;
				GENERATE_INFOPLIST_FILE = YES;
				INFOPLIST_FILE = ImageFeed/Info.plist;
				INFOPLIST_KEY_UIApplicationSupportsIndirectInputEvents = YES;
				INFOPLIST_KEY_UILaunchStoryboardName = LaunchScreen;
				INFOPLIST_KEY_UIMainStoryboardFile = Main;
				INFOPLIST_KEY_UISupportedInterfaceOrientations = UIInterfaceOrientationPortrait;
				INFOPLIST_KEY_UISupportedInterfaceOrientations_iPad = "UIInterfaceOrientationLandscapeLeft UIInterfaceOrientationLandscapeRight UIInterfaceOrientationPortrait UIInterfaceOrientationPortraitUpsideDown";
				IPHONEOS_DEPLOYMENT_TARGET = 13.0;
				LD_RUNPATH_SEARCH_PATHS = (
					"$(inherited)",
					"@executable_path/Frameworks",
				);
				MARKETING_VERSION = 1.0;
				PRODUCT_BUNDLE_IDENTIFIER = arykunova.ImageFeed;
				PRODUCT_NAME = "$(TARGET_NAME)";
				SUPPORTED_PLATFORMS = "iphoneos iphonesimulator";
				SUPPORTS_MACCATALYST = NO;
				SWIFT_EMIT_LOC_STRINGS = YES;
				SWIFT_VERSION = 5.0;
				TARGETED_DEVICE_FAMILY = 1;
			};
			name = Release;
		};
/* End XCBuildConfiguration section */

/* Begin XCConfigurationList section */
		5D526A1E2C9B930200B48982 /* Build configuration list for PBXNativeTarget "ImageFeedTests" */ = {
			isa = XCConfigurationList;
			buildConfigurations = (
				5D526A1F2C9B930200B48982 /* Debug */,
				5D526A202C9B930200B48982 /* Release */,
			);
			defaultConfigurationIsVisible = 0;
			defaultConfigurationName = Release;
		};
		5D526A312C9E301800B48982 /* Build configuration list for PBXNativeTarget "ImageFeedUITests" */ = {
			isa = XCConfigurationList;
			buildConfigurations = (
				5D526A322C9E301800B48982 /* Debug */,
				5D526A332C9E301800B48982 /* Release */,
			);
			defaultConfigurationIsVisible = 0;
			defaultConfigurationName = Release;
		};
		5D6ECAD42C39C3460051BF50 /* Build configuration list for PBXProject "ImageFeed" */ = {
			isa = XCConfigurationList;
			buildConfigurations = (
				5D6ECAEB2C39C3480051BF50 /* Debug */,
				5D6ECAEC2C39C3480051BF50 /* Release */,
			);
			defaultConfigurationIsVisible = 0;
			defaultConfigurationName = Release;
		};
		5D6ECAED2C39C3480051BF50 /* Build configuration list for PBXNativeTarget "ImageFeed" */ = {
			isa = XCConfigurationList;
			buildConfigurations = (
				5D6ECAEE2C39C3480051BF50 /* Debug */,
				5D6ECAEF2C39C3480051BF50 /* Release */,
			);
			defaultConfigurationIsVisible = 0;
			defaultConfigurationName = Release;
		};
/* End XCConfigurationList section */

/* Begin XCRemoteSwiftPackageReference section */
		5DC56B4F2C7D3A7500B47B5F /* XCRemoteSwiftPackageReference "Kingfisher" */ = {
			isa = XCRemoteSwiftPackageReference;
			repositoryURL = "https://github.com/onevcat/Kingfisher.git";
			requirement = {
				kind = upToNextMajorVersion;
				minimumVersion = 7.12.0;
			};
		};
		5DC56B522C810ABD00B47B5F /* XCRemoteSwiftPackageReference "SwiftKeychainWrapper" */ = {
			isa = XCRemoteSwiftPackageReference;
			repositoryURL = "https://github.com/jrendel/SwiftKeychainWrapper";
			requirement = {
				kind = upToNextMajorVersion;
				minimumVersion = 4.0.1;
			};
		};
		5DE176BD2C694D7B00661740 /* XCRemoteSwiftPackageReference "ProgressHUD" */ = {
			isa = XCRemoteSwiftPackageReference;
			repositoryURL = "https://github.com/relatedcode/ProgressHUD";
			requirement = {
				kind = exactVersion;
				version = 14.1.3;
			};
		};
/* End XCRemoteSwiftPackageReference section */

/* Begin XCSwiftPackageProductDependency section */
		5DC56B502C7D3A7500B47B5F /* Kingfisher */ = {
			isa = XCSwiftPackageProductDependency;
			package = 5DC56B4F2C7D3A7500B47B5F /* XCRemoteSwiftPackageReference "Kingfisher" */;
			productName = Kingfisher;
		};
		5DC56B532C810ABD00B47B5F /* SwiftKeychainWrapper */ = {
			isa = XCSwiftPackageProductDependency;
			package = 5DC56B522C810ABD00B47B5F /* XCRemoteSwiftPackageReference "SwiftKeychainWrapper" */;
			productName = SwiftKeychainWrapper;
		};
		5DE176BE2C694D7B00661740 /* ProgressHUD */ = {
			isa = XCSwiftPackageProductDependency;
			package = 5DE176BD2C694D7B00661740 /* XCRemoteSwiftPackageReference "ProgressHUD" */;
			productName = ProgressHUD;
		};
/* End XCSwiftPackageProductDependency section */
	};
	rootObject = 5D6ECAD12C39C3460051BF50 /* Project object */;
}
